
Microsoft Visual Studio Solution File, Format Version 12.00
# Visual Studio Version 16
VisualStudioVersion = 16.0.31105.61
MinimumVisualStudioVersion = 10.0.40219.1
Project("{FAE04EC0-301F-11D3-BF4B-00C04F79EFBC}") = "Thynk.Api", "Thynk.Api\Thynk.Api.csproj", "{D1CD7C24-99F5-45F5-9501-1C7A5639F21C}"
EndProject
Project("{2150E333-8FDC-42A3-9474-1A3956D46DE8}") = "Infrastructure", "Infrastructure", "{20E615B5-325C-4F46-94B8-458490364B76}"
EndProject
Project("{2150E333-8FDC-42A3-9474-1A3956D46DE8}") = "Core", "Core", "{17133C37-157B-4F6E-9AA6-3B84525006F7}"
EndProject
Project("{2150E333-8FDC-42A3-9474-1A3956D46DE8}") = "Presentation", "Presentation", "{95265B8F-83D7-42D0-95D9-84DE8FB08717}"
EndProject
Project("{FAE04EC0-301F-11D3-BF4B-00C04F79EFBC}") = "Thynk.Application", "Thynk.Application\Thynk.Application.csproj", "{28627BEC-100F-4EAF-8ACB-B203716A06F3}"
EndProject
Project("{FAE04EC0-301F-11D3-BF4B-00C04F79EFBC}") = "Thynk.Domain", "Thynk.Domain\Thynk.Domain.csproj", "{5452A707-CE59-44D3-9FDB-3224902F2D16}"
EndProject
Project("{FAE04EC0-301F-11D3-BF4B-00C04F79EFBC}") = "Thynk.Persistance", "Thynk.Persistance\Thynk.Persistance.csproj", "{D0D84207-7F03-4967-977B-44164F737E37}"
EndProject
Global
	GlobalSection(SolutionConfigurationPlatforms) = preSolution
		Debug|Any CPU = Debug|Any CPU
		Release|Any CPU = Release|Any CPU
	EndGlobalSection
	GlobalSection(ProjectConfigurationPlatforms) = postSolution
		{D1CD7C24-99F5-45F5-9501-1C7A5639F21C}.Debug|Any CPU.ActiveCfg = Debug|Any CPU
		{D1CD7C24-99F5-45F5-9501-1C7A5639F21C}.Debug|Any CPU.Build.0 = Debug|Any CPU
		{D1CD7C24-99F5-45F5-9501-1C7A5639F21C}.Release|Any CPU.ActiveCfg = Release|Any CPU
		{D1CD7C24-99F5-45F5-9501-1C7A5639F21C}.Release|Any CPU.Build.0 = Release|Any CPU
		{28627BEC-100F-4EAF-8ACB-B203716A06F3}.Debug|Any CPU.ActiveCfg = Debug|Any CPU
		{28627BEC-100F-4EAF-8ACB-B203716A06F3}.Debug|Any CPU.Build.0 = Debug|Any CPU
		{28627BEC-100F-4EAF-8ACB-B203716A06F3}.Release|Any CPU.ActiveCfg = Release|Any CPU
		{28627BEC-100F-4EAF-8ACB-B203716A06F3}.Release|Any CPU.Build.0 = Release|Any CPU
		{5452A707-CE59-44D3-9FDB-3224902F2D16}.Debug|Any CPU.ActiveCfg = Debug|Any CPU
		{5452A707-CE59-44D3-9FDB-3224902F2D16}.Debug|Any CPU.Build.0 = Debug|Any CPU
		{5452A707-CE59-44D3-9FDB-3224902F2D16}.Release|Any CPU.ActiveCfg = Release|Any CPU
		{5452A707-CE59-44D3-9FDB-3224902F2D16}.Release|Any CPU.Build.0 = Release|Any CPU
		{D0D84207-7F03-4967-977B-44164F737E37}.Debug|Any CPU.ActiveCfg = Debug|Any CPU
		{D0D84207-7F03-4967-977B-44164F737E37}.Debug|Any CPU.Build.0 = Debug|Any CPU
		{D0D84207-7F03-4967-977B-44164F737E37}.Release|Any CPU.ActiveCfg = Release|Any CPU
		{D0D84207-7F03-4967-977B-44164F737E37}.Release|Any CPU.Build.0 = Release|Any CPU
	EndGlobalSection
	GlobalSection(SolutionProperties) = preSolution
		HideSolutionNode = FALSE
	EndGlobalSection
	GlobalSection(NestedProjects) = preSolution
		{D1CD7C24-99F5-45F5-9501-1C7A5639F21C} = {95265B8F-83D7-42D0-95D9-84DE8FB08717}
		{28627BEC-100F-4EAF-8ACB-B203716A06F3} = {17133C37-157B-4F6E-9AA6-3B84525006F7}
		{5452A707-CE59-44D3-9FDB-3224902F2D16} = {17133C37-157B-4F6E-9AA6-3B84525006F7}
		{D0D84207-7F03-4967-977B-44164F737E37} = {20E615B5-325C-4F46-94B8-458490364B76}
	EndGlobalSection
	GlobalSection(ExtensibilityGlobals) = postSolution
		SolutionGuid = {928AAEBD-08DB-4C3E-8CE4-7FCA0CA747E5}
	EndGlobalSection
EndGlobal
